
Microsoft Visual Studio Solution File, Format Version 12.00
# Visual Studio Version 17
VisualStudioVersion = 17.13.35806.99 d17.13
MinimumVisualStudioVersion = 10.0.40219.1
Project("{FAE04EC0-301F-11D3-BF4B-00C04F79EFBC}") = "Leap.Forward.Unity.Common.CodeGen", "Source\Leap.Forward.Unity.Common.CodeGen.csproj", "{9B4B1EF5-B57D-2E40-D307-B44185B9B65E}"
EndProject
Project("{FAE04EC0-301F-11D3-BF4B-00C04F79EFBC}") = "Test", "Test\Test.csproj", "{BFECCEAA-ECF5-7B65-CC4B-D3C9C59088CF}"
EndProject
Global
	GlobalSection(SolutionConfigurationPlatforms) = preSolution
		Debug|Any CPU = Debug|Any CPU
		Release|Any CPU = Release|Any CPU
	EndGlobalSection
	GlobalSection(ProjectConfigurationPlatforms) = postSolution
		{9B4B1EF5-B57D-2E40-D307-B44185B9B65E}.Debug|Any CPU.ActiveCfg = Debug|Any CPU
		{9B4B1EF5-B57D-2E40-D307-B44185B9B65E}.Debug|Any CPU.Build.0 = Debug|Any CPU
		{9B4B1EF5-B57D-2E40-D307-B44185B9B65E}.Release|Any CPU.ActiveCfg = Release|Any CPU
		{9B4B1EF5-B57D-2E40-D307-B44185B9B65E}.Release|Any CPU.Build.0 = Release|Any CPU
		{BFECCEAA-ECF5-7B65-CC4B-D3C9C59088CF}.Debug|Any CPU.ActiveCfg = Debug|Any CPU
		{BFECCEAA-ECF5-7B65-CC4B-D3C9C59088CF}.Debug|Any CPU.Build.0 = Debug|Any CPU
		{BFECCEAA-ECF5-7B65-CC4B-D3C9C59088CF}.Release|Any CPU.ActiveCfg = Release|Any CPU
		{BFECCEAA-ECF5-7B65-CC4B-D3C9C59088CF}.Release|Any CPU.Build.0 = Release|Any CPU
	EndGlobalSection
	GlobalSection(SolutionProperties) = preSolution
		HideSolutionNode = FALSE
	EndGlobalSection
	GlobalSection(ExtensibilityGlobals) = postSolution
		SolutionGuid = {E9AADC95-541D-4770-8A64-B29F6A188C6C}
	EndGlobalSection
EndGlobal
